{
  "name": "test",
  "version": "0.1.0",
  "lockfileVersion": 3,
  "requires": true,
  "packages": {
    "": {
      "name": "test",
      "version": "0.1.0",
      "dependencies": {
        "@mii-termserv/de.medizininformatikinitiative.kerndatensatz.terminology.person": "2025.0.0-alpha.2",
        "react": "19.0.0"
      }
    },
    "node_modules/@mii-termserv/de.bfarm.alpha-id-se": {
      "version": "2025.0.0",
      "resolved": "https://gitlab.com/api/v4/projects/57608808/packages/npm/@mii-termserv/de.bfarm.alpha-id-se/-/@mii-termserv/de.bfarm.alpha-id-se-2025.0.0.tgz",
      "integrity": "sha1-4t1jmABCAT5ZHoUm52X90YAPfz8="
    },
    "node_modules/@mii-termserv/de.bfarm.ask": {
      "version": "2024.7.23",
      "resolved": "https://gitlab.com/api/v4/projects/59273210/packages/npm/@mii-termserv/de.bfarm.ask/-/@mii-termserv/de.bfarm.ask-2024.7.23.tgz",
      "integrity": "sha1-v9aThV9XiJ9MAM8rxvlUxOdzr/M="
    },
    "node_modules/@mii-termserv/de.bfarm.atc": {
      "version": "2025.0.0",
      "resolved": "https://gitlab.com/api/v4/projects/57874332/packages/npm/@mii-termserv/de.bfarm.atc/-/@mii-termserv/de.bfarm.atc-2025.0.0.tgz",
      "integrity": "sha1-uYp5vv55rO/lETVe7UIYMxtj95E="
    },
    "node_modules/@mii-termserv/de.bfarm.icd-10-gm": {
      "version": "2025.0.2",
      "resolved": "https://gitlab.com/api/v4/projects/57608725/packages/npm/@mii-termserv/de.bfarm.icd-10-gm/-/@mii-termserv/de.bfarm.icd-10-gm-2025.0.2.tgz",
      "integrity": "sha1-tczIupV4nhEE404URyOX2wfZpcM="
    },
    "node_modules/@mii-termserv/de.bfarm.icd-10-who": {
      "version": "2019.0.0",
      "resolved": "https://gitlab.com/api/v4/projects/57608845/packages/npm/@mii-termserv/de.bfarm.icd-10-who/-/@mii-termserv/de.bfarm.icd-10-who-2019.0.0.tgz",
      "integrity": "sha1-iEhVXZ5v+d/aYBFvBzO07wH9Rzk="
    },
    "node_modules/@mii-termserv/de.bfarm.ops": {
      "version": "2025.0.1",
      "resolved": "https://gitlab.com/api/v4/projects/57608812/packages/npm/@mii-termserv/de.bfarm.ops/-/@mii-termserv/de.bfarm.ops-2025.0.1.tgz",
      "integrity": "sha1-pPCVEz9aRVJiEcMYbmwbDgQGhus="
    },
    "node_modules/@mii-termserv/de.hl7.basisprofile.terminology": {
      "version": "1.5.1-suts.2",
      "resolved": "https://gitlab.com/api/v4/projects/55987678/packages/npm/@mii-termserv/de.hl7.basisprofile.terminology/-/@mii-termserv/de.hl7.basisprofile.terminology-1.5.1-suts.2.tgz",
      "integrity": "sha1-dPuSWkEPaJgAK7I4glJ+PNlnf34=",
      "dependencies": {
        "@mii-termserv/de.bfarm.alpha-id-se": ">=2025.0.0",
        "@mii-termserv/de.bfarm.ask": ">=2024.4.18",
        "@mii-termserv/de.bfarm.atc": ">=2025.0.0",
        "@mii-termserv/de.bfarm.icd-10-gm": ">=2025.0.0",
        "@mii-termserv/de.bfarm.ops": ">=2025.0.0",
        "@mii-termserv/de.ihe-d.terminology": "^3.0.0-suts",
        "@mii-termserv/de.kbv.basis.terminology": ">=1.6.0-suts",
        "@mii-termserv/de.kbv.ita.for": ">=1.1.0-suts",
        "@mii-termserv/de.kbv.schluesseltabellen": ">=1.11.0-suts",
        "@mii-termserv/de.sutermserv.placeholders": ">=1.0.1",
        "@mii-termserv/hl7.fhir.r4.terminology": "^4.0.1-suts",
        "@mii-termserv/hl7.terminology.r4": "^5.4.0-suts"
      }
    },
    "node_modules/@mii-termserv/de.ihe-d.terminology": {
      "version": "3.0.0-suts.1",
      "resolved": "https://gitlab.com/api/v4/projects/57906441/packages/npm/@mii-termserv/de.ihe-d.terminology/-/@mii-termserv/de.ihe-d.terminology-3.0.0-suts.1.tgz",
      "integrity": "sha1-OVHWOdMPg1vL2xMEH/KkKOKZSIg=",
      "dependencies": {
        "@mii-termserv/hl7.terminology.r4": "^5.4.0-suts",
        "@mii-termserv/ihe.formatcodes": "^1.3.0-suts"
      }
    },
    "node_modules/@mii-termserv/de.kbv.basis.terminology": {
      "version": "1.6.0-suts.4",
      "resolved": "https://gitlab.com/api/v4/projects/59772971/packages/npm/@mii-termserv/de.kbv.basis.terminology/-/@mii-termserv/de.kbv.basis.terminology-1.6.0-suts.4.tgz",
      "integrity": "sha1-jbfpSmbTtiw1dOejDgCe+aSyHh0=",
      "dependencies": {
        "@mii-termserv/de.bfarm.ask": ">=2024.7.23",
        "@mii-termserv/de.bfarm.atc": ">=2025.0.0",
        "@mii-termserv/de.bfarm.ops": ">=2025.0.0",
        "@mii-termserv/de.ihe-d.terminology": "^3.0.0-suts",
        "@mii-termserv/de.sutermserv.placeholders": ">=1.0.1",
        "@mii-termserv/dicom.terminology": ">=2024.5.19-suts",
        "@mii-termserv/eu.edqm.standardterms": ">=2025.1.6",
        "@mii-termserv/hl7.fhir.r4.terminology": "^4.0.1-suts",
        "@mii-termserv/loinc": ">=2024.10.11",
        "@mii-termserv/org.unitsofmeasures": ">=2024.7.1",
        "@mii-termserv/snomed-ct": ">=2025.1.1"
      }
    },
    "node_modules/@mii-termserv/de.kbv.ita.for": {
      "version": "1.1.0-suts.1",
      "resolved": "https://gitlab.com/api/v4/projects/59776824/packages/npm/@mii-termserv/de.kbv.ita.for/-/@mii-termserv/de.kbv.ita.for-1.1.0-suts.1.tgz",
      "integrity": "sha1-cqI1SKYLOv9sYPONcnbTHmKl+c4="
    },
    "node_modules/@mii-termserv/de.kbv.schluesseltabellen": {
      "version": "1.11.0-suts.1",
      "resolved": "https://gitlab.com/api/v4/projects/57873077/packages/npm/@mii-termserv/de.kbv.schluesseltabellen/-/@mii-termserv/de.kbv.schluesseltabellen-1.11.0-suts.1.tgz",
      "integrity": "sha1-IsmezPuZnQ+m5/STEtXEjrRMqgY="
    },
    "node_modules/@mii-termserv/de.medizininformatikinitiative.kerndatensatz.terminology.person": {
      "version": "2025.0.0-alpha.2",
      "resolved": "https://gitlab.com/api/v4/projects/57582280/packages/npm/@mii-termserv/de.medizininformatikinitiative.kerndatensatz.terminology.person/-/@mii-termserv/de.medizininformatikinitiative.kerndatensatz.terminology.person-2025.0.0-alpha.2.tgz",
      "integrity": "sha1-9YKroId6y/K41AQL/oQb8mYzh3Q=",
      "dependencies": {
        "@mii-termserv/de.bfarm.icd-10-who": ">=2019.0.0",
        "@mii-termserv/de.hl7.basisprofile.terminology": "^1.5.1-suts",
        "@mii-termserv/hl7.fhir.r4.terminology": "^4.0.1-suts",
        "@mii-termserv/loinc": ">=2024.8.27",
        "@mii-termserv/snomed-ct": ">=2025.1.1"
      }
    },
    "node_modules/@mii-termserv/de.sutermserv.misc-resources": {
      "version": "1.0.0",
      "resolved": "https://gitlab.com/api/v4/projects/61210909/packages/npm/@mii-termserv/de.sutermserv.misc-resources/-/@mii-termserv/de.sutermserv.misc-resources-1.0.0.tgz",
      "integrity": "sha1-Es6V2dDWURfHM9Q69ZRYaf0rPso="
    },
    "node_modules/@mii-termserv/de.sutermserv.placeholders": {
      "version": "1.0.1",
      "resolved": "https://gitlab.com/api/v4/projects/59462661/packages/npm/@mii-termserv/de.sutermserv.placeholders/-/@mii-termserv/de.sutermserv.placeholders-1.0.1.tgz",
      "integrity": "sha1-a4mJY7tNochwgCLNWjBBZgLpYOw="
    },
    "node_modules/@mii-termserv/dicom.terminology": {
      "version": "2024.5.19-suts.2",
      "resolved": "https://gitlab.com/api/v4/projects/59026310/packages/npm/@mii-termserv/dicom.terminology/-/@mii-termserv/dicom.terminology-2024.5.19-suts.2.tgz",
      "integrity": "sha1-oosElhIoZ+yiIn/R8uh/Pn5V7b0=",
      "dependencies": {
        "@mii-termserv/iso-ieee.11073-10101": ">=2023.9.20",
        "@mii-termserv/org.unitsofmeasures": ">=2024.7.1"
      }
    },
    "node_modules/@mii-termserv/eu.edqm.standardterms": {
      "version": "2025.1.6",
      "resolved": "https://gitlab.com/api/v4/projects/59726112/packages/npm/@mii-termserv/eu.edqm.standardterms/-/@mii-termserv/eu.edqm.standardterms-2025.1.6.tgz",
      "integrity": "sha1-WPpemVpcR6II+xreSIuETnd5LUg="
    },
    "node_modules/@mii-termserv/hl7.fhir.r4.terminology": {
      "version": "4.0.1-suts.2",
      "resolved": "https://gitlab.com/api/v4/projects/61061120/packages/npm/@mii-termserv/hl7.fhir.r4.terminology/-/@mii-termserv/hl7.fhir.r4.terminology-4.0.1-suts.2.tgz",
      "integrity": "sha1-p3q2qxxNVl9D7+vGEqa+dx2O9G8=",
      "dependencies": {
        "@mii-termserv/dicom.terminology": ">=2024.5.19-suts",
        "@mii-termserv/hl7.terminology.r4": "^5.4.0-suts",
        "@mii-termserv/ihe.formatcodes": "^1.3.0-suts",
        "@mii-termserv/iso-ieee.11073-10101": ">=2023.9.20",
        "@mii-termserv/org.genenames": ">=2024.7.2"
      }
    },
    "node_modules/@mii-termserv/hl7.terminology.r4": {
      "version": "5.4.0-suts.2",
      "resolved": "https://gitlab.com/api/v4/projects/61093356/packages/npm/@mii-termserv/hl7.terminology.r4/-/@mii-termserv/hl7.terminology.r4-5.4.0-suts.2.tgz",
      "integrity": "sha1-E/F/NELa38mdrrXAZIzfgIWBCtc=",
      "dependencies": {
        "@mii-termserv/de.sutermserv.misc-resources": ">=1.0.0"
      }
    },
    "node_modules/@mii-termserv/ihe.formatcodes": {
      "version": "1.3.0-suts.2",
      "resolved": "https://gitlab.com/api/v4/projects/59025522/packages/npm/@mii-termserv/ihe.formatcodes/-/@mii-termserv/ihe.formatcodes-1.3.0-suts.2.tgz",
      "integrity": "sha1-XJiuHIyfuFIlv1DSEMVRpMbw+q0=",
      "dependencies": {
        "@mii-termserv/dicom.terminology": ">=2024.5.19-suts"
      }
    },
    "node_modules/@mii-termserv/iso-ieee.11073-10101": {
      "version": "2024.12.5",
      "resolved": "https://gitlab.com/api/v4/projects/57866495/packages/npm/@mii-termserv/iso-ieee.11073-10101/-/@mii-termserv/iso-ieee.11073-10101-2024.12.5.tgz",
      "integrity": "sha1-V/xVLrIwdhHKrjikIsCXg6D6UvY="
    },
    "node_modules/@mii-termserv/loinc": {
      "version": "2024.10.11",
      "resolved": "https://gitlab.com/api/v4/projects/57841883/packages/npm/@mii-termserv/loinc/-/@mii-termserv/loinc-2024.10.11.tgz",
      "integrity": "sha1-AVaKNQmP04qOR7dwfe3vAz/cSZY="
    },
    "node_modules/@mii-termserv/org.genenames": {
      "version": "2024.7.2",
      "resolved": "https://gitlab.com/api/v4/projects/60999294/packages/npm/@mii-termserv/org.genenames/-/@mii-termserv/org.genenames-2024.7.2.tgz",
      "integrity": "sha1-zDkJF6JuWpCQZw/1w6xx05pA/Z4="
    },
    "node_modules/@mii-termserv/org.unitsofmeasures": {
      "version": "2024.7.1",
      "resolved": "https://gitlab.com/api/v4/projects/59457546/packages/npm/@mii-termserv/org.unitsofmeasures/-/@mii-termserv/org.unitsofmeasures-2024.7.1.tgz",
      "integrity": "sha1-172DlVbschzk+3vmme3SqQRl32k="
    },
    "node_modules/@mii-termserv/snomed-ct": {
      "version": "2025.1.1",
      "resolved": "https://gitlab.com/api/v4/projects/57841874/packages/npm/@mii-termserv/snomed-ct/-/@mii-termserv/snomed-ct-2025.1.1.tgz",
      "integrity": "sha1-Cch4WfX3VfVaEUrvYWOdsvEl8Vk="
    },
    "node_modules/react": {
      "version": "19.0.0",
      "resolved": "https://registry.npmjs.org/react/-/react-19.0.0.tgz",
      "integrity": "sha512-V8AVnmPIICiWpGfm6GLzCR/W5FXLchHop40W4nXBmdlEceh16rCN8O8LNWm5bh5XUX91fh7KpA+W0TgMKmgTpQ==",
      "license": "MIT",
      "engines": {
        "node": ">=0.10.0"
      }
    }
  }
}
